
Microsoft Visual Studio Solution File, Format Version 12.00
# Visual Studio Version 16
VisualStudioVersion = 16.0.29519.87
MinimumVisualStudioVersion = 10.0.40219.1
Project("{FAE04EC0-301F-11D3-BF4B-00C04F79EFBC}") = "barcode_pp", "barcode_pp\barcode_pp.csproj", "{6F5B273E-3FAB-419F-ACAD-9FCE1AB683E1}"
EndProject
Global
	GlobalSection(SolutionConfigurationPlatforms) = preSolution
		Debug|Any CPU = Debug|Any CPU
		Release|Any CPU = Release|Any CPU
	EndGlobalSection
	GlobalSection(ProjectConfigurationPlatforms) = postSolution
		{6F5B273E-3FAB-419F-ACAD-9FCE1AB683E1}.Debug|Any CPU.ActiveCfg = Debug|Any CPU
		{6F5B273E-3FAB-419F-ACAD-9FCE1AB683E1}.Debug|Any CPU.Build.0 = Debug|Any CPU
		{6F5B273E-3FAB-419F-ACAD-9FCE1AB683E1}.Release|Any CPU.ActiveCfg = Release|Any CPU
		{6F5B273E-3FAB-419F-ACAD-9FCE1AB683E1}.Release|Any CPU.Build.0 = Release|Any CPU
	EndGlobalSection
	GlobalSection(SolutionProperties) = preSolution
		HideSolutionNode = FALSE
	EndGlobalSection
	GlobalSection(ExtensibilityGlobals) = postSolution
		SolutionGuid = {9A0C8C46-827E-465C-9AF2-6AAF378E48D0}
	EndGlobalSection
EndGlobal
